
Microsoft Visual Studio Solution File, Format Version 12.00
# Visual Studio Version 17
VisualStudioVersion = 17.6.33712.159
MinimumVisualStudioVersion = 10.0.40219.1
Project("{FAE04EC0-301F-11D3-BF4B-00C04F79EFBC}") = "TikTakToe", "TikTakToe.csproj", "{2555D312-0512-462F-AE11-6D10C36EA2E6}"
EndProject
Global
	GlobalSection(SolutionConfigurationPlatforms) = preSolution
		Debug|Any CPU = Debug|Any CPU
		Release|Any CPU = Release|Any CPU
	EndGlobalSection
	GlobalSection(ProjectConfigurationPlatforms) = postSolution
		{2555D312-0512-462F-AE11-6D10C36EA2E6}.Debug|Any CPU.ActiveCfg = Debug|Any CPU
		{2555D312-0512-462F-AE11-6D10C36EA2E6}.Debug|Any CPU.Build.0 = Debug|Any CPU
		{2555D312-0512-462F-AE11-6D10C36EA2E6}.Release|Any CPU.ActiveCfg = Release|Any CPU
		{2555D312-0512-462F-AE11-6D10C36EA2E6}.Release|Any CPU.Build.0 = Release|Any CPU
	EndGlobalSection
	GlobalSection(SolutionProperties) = preSolution
		HideSolutionNode = FALSE
	EndGlobalSection
	GlobalSection(ExtensibilityGlobals) = postSolution
		SolutionGuid = {B233ABEC-4BAC-4053-A1AC-D85501D18997}
	EndGlobalSection
EndGlobal
